{
  "name": "mos-ai-coordinator-typograf",
  "lockfileVersion": 3,
  "requires": true,
  "packages": {
    "": {
      "name": "mos-ai-coordinator-typograf",
      "dependencies": {
        "typograf": "^7.4.1"
      }
    },
    "node_modules/typograf": {
      "version": "7.8.0",
      "resolved": "https://registry.npmjs.org/typograf/-/typograf-7.8.0.tgz",
      "integrity": "sha512-Eo+Fu7iM0ASkYOgsI3veGtdkxI+QhMgJBmyftB16Or+g6B2pC4NgsAPT7nP36BzVx7720IMmvkWf7N9O33HNHg==",
      "engines": {
        "node": ">= 4"
      }
    }
  }
}
